// !$*UTF8*$!
{
	archiveVersion = 1;
	classes = {
	};
	objectVersion = 56;
	objects = {

/* Begin PBXBuildFile section */
		B125689D2C3E628F00410782 /* SettingsView.swift in Sources */ = {isa = PBXBuildFile; fileRef = B125689C2C3E628F00410782 /* SettingsView.swift */; };
		B129C74D2C33E9E400E185C8 /* HomeDirectory.swift in Sources */ = {isa = PBXBuildFile; fileRef = B129C74C2C33E9E400E185C8 /* HomeDirectory.swift */; };
		B129C74F2C340E7000E185C8 /* ViewState.swift in Sources */ = {isa = PBXBuildFile; fileRef = B129C74E2C340E7000E185C8 /* ViewState.swift */; };
		B149B95E2C28124000B13AFA /* LoadAudioFiles.swift in Sources */ = {isa = PBXBuildFile; fileRef = B149B95D2C28124000B13AFA /* LoadAudioFiles.swift */; };
		B149B9602C282BEB00B13AFA /* SongView.swift in Sources */ = {isa = PBXBuildFile; fileRef = B149B95F2C282BEB00B13AFA /* SongView.swift */; };
		B15790A42C2C7A2100179E62 /* SongViewModel.swift in Sources */ = {isa = PBXBuildFile; fileRef = B15790A32C2C7A2100179E62 /* SongViewModel.swift */; };
		B19420FE2C3BDC7B00C918B5 /* Onboarding.swift in Sources */ = {isa = PBXBuildFile; fileRef = B19420FD2C3BDC7B00C918B5 /* Onboarding.swift */; };
		B19421002C3BE33000C918B5 /* OnboardingScreenModel.swift in Sources */ = {isa = PBXBuildFile; fileRef = B19420FF2C3BE33000C918B5 /* OnboardingScreenModel.swift */; };
		B19421032C3BE88600C918B5 /* OnboardingViewModel.swift in Sources */ = {isa = PBXBuildFile; fileRef = B19421022C3BE88600C918B5 /* OnboardingViewModel.swift */; };
		B19C2F582C4176260086A191 /* UpdateChecker.swift in Sources */ = {isa = PBXBuildFile; fileRef = B19C2F572C4176260086A191 /* UpdateChecker.swift */; };
		B19C2F5A2C4177230086A191 /* ClickWheel.swift in Sources */ = {isa = PBXBuildFile; fileRef = B19C2F592C4177230086A191 /* ClickWheel.swift */; };
		B19F79602C2FFD3900411F62 /* AlbumView.swift in Sources */ = {isa = PBXBuildFile; fileRef = B19F795F2C2FFD3900411F62 /* AlbumView.swift */; };
		B19F79622C2FFEDA00411F62 /* Album.swift in Sources */ = {isa = PBXBuildFile; fileRef = B19F79612C2FFEDA00411F62 /* Album.swift */; };
		B19F79662C30083400411F62 /* AlbumViewModel.swift in Sources */ = {isa = PBXBuildFile; fileRef = B19F79652C30083400411F62 /* AlbumViewModel.swift */; };
		B19F79682C30125400411F62 /* ProtocolViewModel.swift in Sources */ = {isa = PBXBuildFile; fileRef = B19F79672C30125400411F62 /* ProtocolViewModel.swift */; };
		B19F796A2C3025F100411F62 /* GlobalState.swift in Sources */ = {isa = PBXBuildFile; fileRef = B19F79692C3025F100411F62 /* GlobalState.swift */; };
		B1BBDD2A2C26C37F00C062D8 /* PodApp.swift in Sources */ = {isa = PBXBuildFile; fileRef = B1BBDD292C26C37F00C062D8 /* PodApp.swift */; };
		B1BBDD2C2C26C37F00C062D8 /* ContentView.swift in Sources */ = {isa = PBXBuildFile; fileRef = B1BBDD2B2C26C37F00C062D8 /* ContentView.swift */; };
		B1BBDD2E2C26C38000C062D8 /* Assets.xcassets in Resources */ = {isa = PBXBuildFile; fileRef = B1BBDD2D2C26C38000C062D8 /* Assets.xcassets */; };
		B1BBDD312C26C38000C062D8 /* Preview Assets.xcassets in Resources */ = {isa = PBXBuildFile; fileRef = B1BBDD302C26C38000C062D8 /* Preview Assets.xcassets */; };
		B1BBDD562C26C4B700C062D8 /* Song.swift in Sources */ = {isa = PBXBuildFile; fileRef = B1BBDD552C26C4B700C062D8 /* Song.swift */; };
/* End PBXBuildFile section */

/* Begin PBXContainerItemProxy section */
		B1BBDD382C26C38000C062D8 /* PBXContainerItemProxy */ = {
			isa = PBXContainerItemProxy;
			containerPortal = B1BBDD1E2C26C37F00C062D8 /* Project object */;
			proxyType = 1;
			remoteGlobalIDString = B1BBDD252C26C37F00C062D8;
			remoteInfo = Pod;
		};
		B1BBDD422C26C38000C062D8 /* PBXContainerItemProxy */ = {
			isa = PBXContainerItemProxy;
			containerPortal = B1BBDD1E2C26C37F00C062D8 /* Project object */;
			proxyType = 1;
			remoteGlobalIDString = B1BBDD252C26C37F00C062D8;
			remoteInfo = Pod;
		};
/* End PBXContainerItemProxy section */

/* Begin PBXFileReference section */
		B125689C2C3E628F00410782 /* SettingsView.swift */ = {isa = PBXFileReference; lastKnownFileType = sourcecode.swift; path = SettingsView.swift; sourceTree = "<group>"; };
		B129C74C2C33E9E400E185C8 /* HomeDirectory.swift */ = {isa = PBXFileReference; lastKnownFileType = sourcecode.swift; path = HomeDirectory.swift; sourceTree = "<group>"; };
		B129C74E2C340E7000E185C8 /* ViewState.swift */ = {isa = PBXFileReference; lastKnownFileType = sourcecode.swift; path = ViewState.swift; sourceTree = "<group>"; };
		B149B95D2C28124000B13AFA /* LoadAudioFiles.swift */ = {isa = PBXFileReference; lastKnownFileType = sourcecode.swift; path = LoadAudioFiles.swift; sourceTree = "<group>"; };
		B149B95F2C282BEB00B13AFA /* SongView.swift */ = {isa = PBXFileReference; lastKnownFileType = sourcecode.swift; path = SongView.swift; sourceTree = "<group>"; };
		B15790A32C2C7A2100179E62 /* SongViewModel.swift */ = {isa = PBXFileReference; lastKnownFileType = sourcecode.swift; path = SongViewModel.swift; sourceTree = "<group>"; };
		B19420FD2C3BDC7B00C918B5 /* Onboarding.swift */ = {isa = PBXFileReference; lastKnownFileType = sourcecode.swift; path = Onboarding.swift; sourceTree = "<group>"; };
		B19420FF2C3BE33000C918B5 /* OnboardingScreenModel.swift */ = {isa = PBXFileReference; lastKnownFileType = sourcecode.swift; path = OnboardingScreenModel.swift; sourceTree = "<group>"; };
		B19421022C3BE88600C918B5 /* OnboardingViewModel.swift */ = {isa = PBXFileReference; lastKnownFileType = sourcecode.swift; path = OnboardingViewModel.swift; sourceTree = "<group>"; };
		B19C2F572C4176260086A191 /* UpdateChecker.swift */ = {isa = PBXFileReference; lastKnownFileType = sourcecode.swift; path = UpdateChecker.swift; sourceTree = "<group>"; };
		B19C2F592C4177230086A191 /* ClickWheel.swift */ = {isa = PBXFileReference; lastKnownFileType = sourcecode.swift; path = ClickWheel.swift; sourceTree = "<group>"; };
		B19F795F2C2FFD3900411F62 /* AlbumView.swift */ = {isa = PBXFileReference; lastKnownFileType = sourcecode.swift; path = AlbumView.swift; sourceTree = "<group>"; };
		B19F79612C2FFEDA00411F62 /* Album.swift */ = {isa = PBXFileReference; lastKnownFileType = sourcecode.swift; path = Album.swift; sourceTree = "<group>"; };
		B19F79652C30083400411F62 /* AlbumViewModel.swift */ = {isa = PBXFileReference; lastKnownFileType = sourcecode.swift; path = AlbumViewModel.swift; sourceTree = "<group>"; };
		B19F79672C30125400411F62 /* ProtocolViewModel.swift */ = {isa = PBXFileReference; lastKnownFileType = sourcecode.swift; path = ProtocolViewModel.swift; sourceTree = "<group>"; };
		B19F79692C3025F100411F62 /* GlobalState.swift */ = {isa = PBXFileReference; lastKnownFileType = sourcecode.swift; path = GlobalState.swift; sourceTree = "<group>"; };
		B1BBDD262C26C37F00C062D8 /* Pod.app */ = {isa = PBXFileReference; explicitFileType = wrapper.application; includeInIndex = 0; path = Pod.app; sourceTree = BUILT_PRODUCTS_DIR; };
		B1BBDD292C26C37F00C062D8 /* PodApp.swift */ = {isa = PBXFileReference; lastKnownFileType = sourcecode.swift; path = PodApp.swift; sourceTree = "<group>"; };
		B1BBDD2B2C26C37F00C062D8 /* ContentView.swift */ = {isa = PBXFileReference; lastKnownFileType = sourcecode.swift; path = ContentView.swift; sourceTree = "<group>"; };
		B1BBDD2D2C26C38000C062D8 /* Assets.xcassets */ = {isa = PBXFileReference; lastKnownFileType = folder.assetcatalog; path = Assets.xcassets; sourceTree = "<group>"; };
		B1BBDD302C26C38000C062D8 /* Preview Assets.xcassets */ = {isa = PBXFileReference; lastKnownFileType = folder.assetcatalog; path = "Preview Assets.xcassets"; sourceTree = "<group>"; };
		B1BBDD322C26C38000C062D8 /* Pod.entitlements */ = {isa = PBXFileReference; lastKnownFileType = text.plist.entitlements; path = Pod.entitlements; sourceTree = "<group>"; };
		B1BBDD372C26C38000C062D8 /* PodTests.xctest */ = {isa = PBXFileReference; explicitFileType = wrapper.cfbundle; includeInIndex = 0; path = PodTests.xctest; sourceTree = BUILT_PRODUCTS_DIR; };
		B1BBDD412C26C38000C062D8 /* PodUITests.xctest */ = {isa = PBXFileReference; explicitFileType = wrapper.cfbundle; includeInIndex = 0; path = PodUITests.xctest; sourceTree = BUILT_PRODUCTS_DIR; };
		B1BBDD552C26C4B700C062D8 /* Song.swift */ = {isa = PBXFileReference; lastKnownFileType = sourcecode.swift; path = Song.swift; sourceTree = "<group>"; };
/* End PBXFileReference section */

/* Begin PBXFrameworksBuildPhase section */
		B1BBDD232C26C37F00C062D8 /* Frameworks */ = {
			isa = PBXFrameworksBuildPhase;
			buildActionMask = 2147483647;
			files = (
			);
			runOnlyForDeploymentPostprocessing = 0;
		};
		B1BBDD342C26C38000C062D8 /* Frameworks */ = {
			isa = PBXFrameworksBuildPhase;
			buildActionMask = 2147483647;
			files = (
			);
			runOnlyForDeploymentPostprocessing = 0;
		};
		B1BBDD3E2C26C38000C062D8 /* Frameworks */ = {
			isa = PBXFrameworksBuildPhase;
			buildActionMask = 2147483647;
			files = (
			);
			runOnlyForDeploymentPostprocessing = 0;
		};
/* End PBXFrameworksBuildPhase section */

/* Begin PBXGroup section */
		B129C74B2C33E9D200E185C8 /* Utils */ = {
			isa = PBXGroup;
			children = (
				B129C74C2C33E9E400E185C8 /* HomeDirectory.swift */,
				B19F79692C3025F100411F62 /* GlobalState.swift */,
				B129C74E2C340E7000E185C8 /* ViewState.swift */,
			);
			path = Utils;
			sourceTree = "<group>";
		};
		B19421012C3BE85D00C918B5 /* Onboarding */ = {
			isa = PBXGroup;
			children = (
				B19420FD2C3BDC7B00C918B5 /* Onboarding.swift */,
				B19421022C3BE88600C918B5 /* OnboardingViewModel.swift */,
			);
			path = Onboarding;
			sourceTree = "<group>";
		};
		B19F79632C30081800411F62 /* Song */ = {
			isa = PBXGroup;
			children = (
				B149B95F2C282BEB00B13AFA /* SongView.swift */,
				B15790A32C2C7A2100179E62 /* SongViewModel.swift */,
				B149B95D2C28124000B13AFA /* LoadAudioFiles.swift */,
			);
			path = Song;
			sourceTree = "<group>";
		};
		B19F79642C30082100411F62 /* Album */ = {
			isa = PBXGroup;
			children = (
				B19F795F2C2FFD3900411F62 /* AlbumView.swift */,
				B19F79652C30083400411F62 /* AlbumViewModel.swift */,
			);
			path = Album;
			sourceTree = "<group>";
		};
		B1BBDD1D2C26C37F00C062D8 = {
			isa = PBXGroup;
			children = (
				B1BBDD282C26C37F00C062D8 /* Pod */,
				B1BBDD272C26C37F00C062D8 /* Products */,
			);
			sourceTree = "<group>";
		};
		B1BBDD272C26C37F00C062D8 /* Products */ = {
			isa = PBXGroup;
			children = (
				B1BBDD262C26C37F00C062D8 /* Pod.app */,
				B1BBDD372C26C38000C062D8 /* PodTests.xctest */,
				B1BBDD412C26C38000C062D8 /* PodUITests.xctest */,
			);
			name = Products;
			sourceTree = "<group>";
		};
		B1BBDD282C26C37F00C062D8 /* Pod */ = {
			isa = PBXGroup;
			children = (
				B19421012C3BE85D00C918B5 /* Onboarding */,
				B129C74B2C33E9D200E185C8 /* Utils */,
				B19F79642C30082100411F62 /* Album */,
				B19F79632C30081800411F62 /* Song */,
				B1BBDD542C26C49900C062D8 /* Model */,
				B19C2F572C4176260086A191 /* UpdateChecker.swift */,
				B125689C2C3E628F00410782 /* SettingsView.swift */,
				B1BBDD2B2C26C37F00C062D8 /* ContentView.swift */,
				B1BBDD292C26C37F00C062D8 /* PodApp.swift */,
				B19C2F592C4177230086A191 /* ClickWheel.swift */,
				B1BBDD2D2C26C38000C062D8 /* Assets.xcassets */,
				B1BBDD322C26C38000C062D8 /* Pod.entitlements */,
				B1BBDD2F2C26C38000C062D8 /* Preview Content */,
			);
			path = Pod;
			sourceTree = "<group>";
		};
		B1BBDD2F2C26C38000C062D8 /* Preview Content */ = {
			isa = PBXGroup;
			children = (
				B1BBDD302C26C38000C062D8 /* Preview Assets.xcassets */,
			);
			path = "Preview Content";
			sourceTree = "<group>";
		};
		B1BBDD542C26C49900C062D8 /* Model */ = {
			isa = PBXGroup;
			children = (
				B19F79672C30125400411F62 /* ProtocolViewModel.swift */,
				B1BBDD552C26C4B700C062D8 /* Song.swift */,
				B19F79612C2FFEDA00411F62 /* Album.swift */,
				B19420FF2C3BE33000C918B5 /* OnboardingScreenModel.swift */,
			);
			path = Model;
			sourceTree = "<group>";
		};
/* End PBXGroup section */

/* Begin PBXNativeTarget section */
		B1BBDD252C26C37F00C062D8 /* Pod */ = {
			isa = PBXNativeTarget;
			buildConfigurationList = B1BBDD4B2C26C38000C062D8 /* Build configuration list for PBXNativeTarget "Pod" */;
			buildPhases = (
				B1BBDD222C26C37F00C062D8 /* Sources */,
				B1BBDD232C26C37F00C062D8 /* Frameworks */,
				B1BBDD242C26C37F00C062D8 /* Resources */,
			);
			buildRules = (
			);
			dependencies = (
			);
			name = Pod;
			productName = Pod;
			productReference = B1BBDD262C26C37F00C062D8 /* Pod.app */;
			productType = "com.apple.product-type.application";
		};
		B1BBDD362C26C38000C062D8 /* PodTests */ = {
			isa = PBXNativeTarget;
			buildConfigurationList = B1BBDD4E2C26C38000C062D8 /* Build configuration list for PBXNativeTarget "PodTests" */;
			buildPhases = (
				B1BBDD332C26C38000C062D8 /* Sources */,
				B1BBDD342C26C38000C062D8 /* Frameworks */,
				B1BBDD352C26C38000C062D8 /* Resources */,
			);
			buildRules = (
			);
			dependencies = (
				B1BBDD392C26C38000C062D8 /* PBXTargetDependency */,
			);
			name = PodTests;
			productName = PodTests;
			productReference = B1BBDD372C26C38000C062D8 /* PodTests.xctest */;
			productType = "com.apple.product-type.bundle.unit-test";
		};
		B1BBDD402C26C38000C062D8 /* PodUITests */ = {
			isa = PBXNativeTarget;
			buildConfigurationList = B1BBDD512C26C38000C062D8 /* Build configuration list for PBXNativeTarget "PodUITests" */;
			buildPhases = (
				B1BBDD3D2C26C38000C062D8 /* Sources */,
				B1BBDD3E2C26C38000C062D8 /* Frameworks */,
				B1BBDD3F2C26C38000C062D8 /* Resources */,
			);
			buildRules = (
			);
			dependencies = (
				B1BBDD432C26C38000C062D8 /* PBXTargetDependency */,
			);
			name = PodUITests;
			productName = PodUITests;
			productReference = B1BBDD412C26C38000C062D8 /* PodUITests.xctest */;
			productType = "com.apple.product-type.bundle.ui-testing";
		};
/* End PBXNativeTarget section */

/* Begin PBXProject section */
		B1BBDD1E2C26C37F00C062D8 /* Project object */ = {
			isa = PBXProject;
			attributes = {
				BuildIndependentTargetsInParallel = 1;
				LastSwiftUpdateCheck = 1530;
				LastUpgradeCheck = 1530;
				TargetAttributes = {
					B1BBDD252C26C37F00C062D8 = {
						CreatedOnToolsVersion = 15.3;
					};
					B1BBDD362C26C38000C062D8 = {
						CreatedOnToolsVersion = 15.3;
						TestTargetID = B1BBDD252C26C37F00C062D8;
					};
					B1BBDD402C26C38000C062D8 = {
						CreatedOnToolsVersion = 15.3;
						TestTargetID = B1BBDD252C26C37F00C062D8;
					};
				};
			};
			buildConfigurationList = B1BBDD212C26C37F00C062D8 /* Build configuration list for PBXProject "Pod" */;
			compatibilityVersion = "Xcode 14.0";
			developmentRegion = en;
			hasScannedForEncodings = 0;
			knownRegions = (
				en,
				Base,
			);
			mainGroup = B1BBDD1D2C26C37F00C062D8;
			productRefGroup = B1BBDD272C26C37F00C062D8 /* Products */;
			projectDirPath = "";
			projectRoot = "";
			targets = (
				B1BBDD252C26C37F00C062D8 /* Pod */,
				B1BBDD362C26C38000C062D8 /* PodTests */,
				B1BBDD402C26C38000C062D8 /* PodUITests */,
			);
		};
/* End PBXProject section */

/* Begin PBXResourcesBuildPhase section */
		B1BBDD242C26C37F00C062D8 /* Resources */ = {
			isa = PBXResourcesBuildPhase;
			buildActionMask = 2147483647;
			files = (
				B1BBDD312C26C38000C062D8 /* Preview Assets.xcassets in Resources */,
				B1BBDD2E2C26C38000C062D8 /* Assets.xcassets in Resources */,
			);
			runOnlyForDeploymentPostprocessing = 0;
		};
		B1BBDD352C26C38000C062D8 /* Resources */ = {
			isa = PBXResourcesBuildPhase;
			buildActionMask = 2147483647;
			files = (
			);
			runOnlyForDeploymentPostprocessing = 0;
		};
		B1BBDD3F2C26C38000C062D8 /* Resources */ = {
			isa = PBXResourcesBuildPhase;
			buildActionMask = 2147483647;
			files = (
			);
			runOnlyForDeploymentPostprocessing = 0;
		};
/* End PBXResourcesBuildPhase section */

/* Begin PBXSourcesBuildPhase section */
		B1BBDD222C26C37F00C062D8 /* Sources */ = {
			isa = PBXSourcesBuildPhase;
			buildActionMask = 2147483647;
			files = (
				B129C74D2C33E9E400E185C8 /* HomeDirectory.swift in Sources */,
				B19F79682C30125400411F62 /* ProtocolViewModel.swift in Sources */,
				B125689D2C3E628F00410782 /* SettingsView.swift in Sources */,
				B19F79662C30083400411F62 /* AlbumViewModel.swift in Sources */,
				B19421002C3BE33000C918B5 /* OnboardingScreenModel.swift in Sources */,
				B15790A42C2C7A2100179E62 /* SongViewModel.swift in Sources */,
				B149B95E2C28124000B13AFA /* LoadAudioFiles.swift in Sources */,
				B1BBDD562C26C4B700C062D8 /* Song.swift in Sources */,
				B149B9602C282BEB00B13AFA /* SongView.swift in Sources */,
				B19421032C3BE88600C918B5 /* OnboardingViewModel.swift in Sources */,
				B19F79602C2FFD3900411F62 /* AlbumView.swift in Sources */,
				B19F796A2C3025F100411F62 /* GlobalState.swift in Sources */,
				B1BBDD2C2C26C37F00C062D8 /* ContentView.swift in Sources */,
				B129C74F2C340E7000E185C8 /* ViewState.swift in Sources */,
				B19420FE2C3BDC7B00C918B5 /* Onboarding.swift in Sources */,
				B1BBDD2A2C26C37F00C062D8 /* PodApp.swift in Sources */,
				B19C2F582C4176260086A191 /* UpdateChecker.swift in Sources */,
				B19C2F5A2C4177230086A191 /* ClickWheel.swift in Sources */,
				B19F79622C2FFEDA00411F62 /* Album.swift in Sources */,
			);
			runOnlyForDeploymentPostprocessing = 0;
		};
		B1BBDD332C26C38000C062D8 /* Sources */ = {
			isa = PBXSourcesBuildPhase;
			buildActionMask = 2147483647;
			files = (
			);
			runOnlyForDeploymentPostprocessing = 0;
		};
		B1BBDD3D2C26C38000C062D8 /* Sources */ = {
			isa = PBXSourcesBuildPhase;
			buildActionMask = 2147483647;
			files = (
			);
			runOnlyForDeploymentPostprocessing = 0;
		};
/* End PBXSourcesBuildPhase section */

/* Begin PBXTargetDependency section */
		B1BBDD392C26C38000C062D8 /* PBXTargetDependency */ = {
			isa = PBXTargetDependency;
			target = B1BBDD252C26C37F00C062D8 /* Pod */;
			targetProxy = B1BBDD382C26C38000C062D8 /* PBXContainerItemProxy */;
		};
		B1BBDD432C26C38000C062D8 /* PBXTargetDependency */ = {
			isa = PBXTargetDependency;
			target = B1BBDD252C26C37F00C062D8 /* Pod */;
			targetProxy = B1BBDD422C26C38000C062D8 /* PBXContainerItemProxy */;
		};
/* End PBXTargetDependency section */

/* Begin XCBuildConfiguration section */
		B1BBDD492C26C38000C062D8 /* Debug */ = {
			isa = XCBuildConfiguration;
			buildSettings = {
				ALWAYS_SEARCH_USER_PATHS = NO;
				ASSETCATALOG_COMPILER_GENERATE_SWIFT_ASSET_SYMBOL_EXTENSIONS = YES;
				CLANG_ANALYZER_NONNULL = YES;
				CLANG_ANALYZER_NUMBER_OBJECT_CONVERSION = YES_AGGRESSIVE;
				CLANG_CXX_LANGUAGE_STANDARD = "gnu++20";
				CLANG_ENABLE_MODULES = YES;
				CLANG_ENABLE_OBJC_ARC = YES;
				CLANG_ENABLE_OBJC_WEAK = YES;
				CLANG_WARN_BLOCK_CAPTURE_AUTORELEASING = YES;
				CLANG_WARN_BOOL_CONVERSION = YES;
				CLANG_WARN_COMMA = YES;
				CLANG_WARN_CONSTANT_CONVERSION = YES;
				CLANG_WARN_DEPRECATED_OBJC_IMPLEMENTATIONS = YES;
				CLANG_WARN_DIRECT_OBJC_ISA_USAGE = YES_ERROR;
				CLANG_WARN_DOCUMENTATION_COMMENTS = YES;
				CLANG_WARN_EMPTY_BODY = YES;
				CLANG_WARN_ENUM_CONVERSION = YES;
				CLANG_WARN_INFINITE_RECURSION = YES;
				CLANG_WARN_INT_CONVERSION = YES;
				CLANG_WARN_NON_LITERAL_NULL_CONVERSION = YES;
				CLANG_WARN_OBJC_IMPLICIT_RETAIN_SELF = YES;
				CLANG_WARN_OBJC_LITERAL_CONVERSION = YES;
				CLANG_WARN_OBJC_ROOT_CLASS = YES_ERROR;
				CLANG_WARN_QUOTED_INCLUDE_IN_FRAMEWORK_HEADER = YES;
				CLANG_WARN_RANGE_LOOP_ANALYSIS = YES;
				CLANG_WARN_STRICT_PROTOTYPES = YES;
				CLANG_WARN_SUSPICIOUS_MOVE = YES;
				CLANG_WARN_UNGUARDED_AVAILABILITY = YES_AGGRESSIVE;
				CLANG_WARN_UNREACHABLE_CODE = YES;
				CLANG_WARN__DUPLICATE_METHOD_MATCH = YES;
				COPY_PHASE_STRIP = NO;
				DEBUG_INFORMATION_FORMAT = dwarf;
				ENABLE_STRICT_OBJC_MSGSEND = YES;
				ENABLE_TESTABILITY = YES;
				ENABLE_USER_SCRIPT_SANDBOXING = YES;
				GCC_C_LANGUAGE_STANDARD = gnu17;
				GCC_DYNAMIC_NO_PIC = NO;
				GCC_NO_COMMON_BLOCKS = YES;
				GCC_OPTIMIZATION_LEVEL = 0;
				GCC_PREPROCESSOR_DEFINITIONS = (
					"DEBUG=1",
					"$(inherited)",
				);
				GCC_WARN_64_TO_32_BIT_CONVERSION = YES;
				GCC_WARN_ABOUT_RETURN_TYPE = YES_ERROR;
				GCC_WARN_UNDECLARED_SELECTOR = YES;
				GCC_WARN_UNINITIALIZED_AUTOS = YES_AGGRESSIVE;
				GCC_WARN_UNUSED_FUNCTION = YES;
				GCC_WARN_UNUSED_VARIABLE = YES;
				LOCALIZATION_PREFERS_STRING_CATALOGS = YES;
				MACOSX_DEPLOYMENT_TARGET = 14.4;
				MTL_ENABLE_DEBUG_INFO = INCLUDE_SOURCE;
				MTL_FAST_MATH = YES;
				ONLY_ACTIVE_ARCH = YES;
				SDKROOT = macosx;
				SWIFT_ACTIVE_COMPILATION_CONDITIONS = "DEBUG $(inherited)";
				SWIFT_OPTIMIZATION_LEVEL = "-Onone";
			};
			name = Debug;
		};
		B1BBDD4A2C26C38000C062D8 /* Release */ = {
			isa = XCBuildConfiguration;
			buildSettings = {
				ALWAYS_SEARCH_USER_PATHS = NO;
				ASSETCATALOG_COMPILER_GENERATE_SWIFT_ASSET_SYMBOL_EXTENSIONS = YES;
				CLANG_ANALYZER_NONNULL = YES;
				CLANG_ANALYZER_NUMBER_OBJECT_CONVERSION = YES_AGGRESSIVE;
				CLANG_CXX_LANGUAGE_STANDARD = "gnu++20";
				CLANG_ENABLE_MODULES = YES;
				CLANG_ENABLE_OBJC_ARC = YES;
				CLANG_ENABLE_OBJC_WEAK = YES;
				CLANG_WARN_BLOCK_CAPTURE_AUTORELEASING = YES;
				CLANG_WARN_BOOL_CONVERSION = YES;
				CLANG_WARN_COMMA = YES;
				CLANG_WARN_CONSTANT_CONVERSION = YES;
				CLANG_WARN_DEPRECATED_OBJC_IMPLEMENTATIONS = YES;
				CLANG_WARN_DIRECT_OBJC_ISA_USAGE = YES_ERROR;
				CLANG_WARN_DOCUMENTATION_COMMENTS = YES;
				CLANG_WARN_EMPTY_BODY = YES;
				CLANG_WARN_ENUM_CONVERSION = YES;
				CLANG_WARN_INFINITE_RECURSION = YES;
				CLANG_WARN_INT_CONVERSION = YES;
				CLANG_WARN_NON_LITERAL_NULL_CONVERSION = YES;
				CLANG_WARN_OBJC_IMPLICIT_RETAIN_SELF = YES;
				CLANG_WARN_OBJC_LITERAL_CONVERSION = YES;
				CLANG_WARN_OBJC_ROOT_CLASS = YES_ERROR;
				CLANG_WARN_QUOTED_INCLUDE_IN_FRAMEWORK_HEADER = YES;
				CLANG_WARN_RANGE_LOOP_ANALYSIS = YES;
				CLANG_WARN_STRICT_PROTOTYPES = YES;
				CLANG_WARN_SUSPICIOUS_MOVE = YES;
				CLANG_WARN_UNGUARDED_AVAILABILITY = YES_AGGRESSIVE;
				CLANG_WARN_UNREACHABLE_CODE = YES;
				CLANG_WARN__DUPLICATE_METHOD_MATCH = YES;
				COPY_PHASE_STRIP = NO;
				DEBUG_INFORMATION_FORMAT = "dwarf-with-dsym";
				ENABLE_NS_ASSERTIONS = NO;
				ENABLE_STRICT_OBJC_MSGSEND = YES;
				ENABLE_USER_SCRIPT_SANDBOXING = YES;
				GCC_C_LANGUAGE_STANDARD = gnu17;
				GCC_NO_COMMON_BLOCKS = YES;
				GCC_WARN_64_TO_32_BIT_CONVERSION = YES;
				GCC_WARN_ABOUT_RETURN_TYPE = YES_ERROR;
				GCC_WARN_UNDECLARED_SELECTOR = YES;
				GCC_WARN_UNINITIALIZED_AUTOS = YES_AGGRESSIVE;
				GCC_WARN_UNUSED_FUNCTION = YES;
				GCC_WARN_UNUSED_VARIABLE = YES;
				LOCALIZATION_PREFERS_STRING_CATALOGS = YES;
				MACOSX_DEPLOYMENT_TARGET = 14.4;
				MTL_ENABLE_DEBUG_INFO = NO;
				MTL_FAST_MATH = YES;
				SDKROOT = macosx;
				SWIFT_COMPILATION_MODE = wholemodule;
			};
			name = Release;
		};
		B1BBDD4C2C26C38000C062D8 /* Debug */ = {
			isa = XCBuildConfiguration;
			buildSettings = {
				ASSETCATALOG_COMPILER_APPICON_NAME = AppIcon;
				ASSETCATALOG_COMPILER_GLOBAL_ACCENT_COLOR_NAME = AccentColor;
				CODE_SIGN_ENTITLEMENTS = Pod/Pod.entitlements;
				"CODE_SIGN_IDENTITY[sdk=macosx*]" = "Apple Development";
				CODE_SIGN_STYLE = Automatic;
				COMBINE_HIDPI_IMAGES = YES;
				CURRENT_PROJECT_VERSION = 1;
				DEVELOPMENT_ASSET_PATHS = "\"Pod/Preview Content\"";
				DEVELOPMENT_TEAM = B7949NL6NG;
				ENABLE_PREVIEWS = YES;
				GENERATE_INFOPLIST_FILE = YES;
				INFOPLIST_KEY_NSHumanReadableCopyright = "";
				LD_RUNPATH_SEARCH_PATHS = (
					"$(inherited)",
					"@executable_path/../Frameworks",
				);
				MARKETING_VERSION = 1.1;
				PRODUCT_BUNDLE_IDENTIFIER = "Iskren-Alexandrov.Pod";
				PRODUCT_NAME = "$(TARGET_NAME)";
				SWIFT_EMIT_LOC_STRINGS = YES;
				SWIFT_VERSION = 5.0;
			};
			name = Debug;
		};
		B1BBDD4D2C26C38000C062D8 /* Release */ = {
			isa = XCBuildConfiguration;
			buildSettings = {
				ASSETCATALOG_COMPILER_APPICON_NAME = AppIcon;
				ASSETCATALOG_COMPILER_GLOBAL_ACCENT_COLOR_NAME = AccentColor;
				CODE_SIGN_ENTITLEMENTS = Pod/Pod.entitlements;
				"CODE_SIGN_IDENTITY[sdk=macosx*]" = "Apple Development";
				CODE_SIGN_STYLE = Automatic;
				COMBINE_HIDPI_IMAGES = YES;
				CURRENT_PROJECT_VERSION = 1;
				DEVELOPMENT_ASSET_PATHS = "\"Pod/Preview Content\"";
				DEVELOPMENT_TEAM = B7949NL6NG;
				ENABLE_PREVIEWS = YES;
				GENERATE_INFOPLIST_FILE = YES;
				INFOPLIST_KEY_NSHumanReadableCopyright = "";
				LD_RUNPATH_SEARCH_PATHS = (
					"$(inherited)",
					"@executable_path/../Frameworks",
				);
				MARKETING_VERSION = 1.1;
				PRODUCT_BUNDLE_IDENTIFIER = "Iskren-Alexandrov.Pod";
				PRODUCT_NAME = "$(TARGET_NAME)";
				SWIFT_EMIT_LOC_STRINGS = YES;
				SWIFT_VERSION = 5.0;
			};
			name = Release;
		};
		B1BBDD4F2C26C38000C062D8 /* Debug */ = {
			isa = XCBuildConfiguration;
			buildSettings = {
				ALWAYS_EMBED_SWIFT_STANDARD_LIBRARIES = YES;
				BUNDLE_LOADER = "$(TEST_HOST)";
				CODE_SIGN_STYLE = Automatic;
				CURRENT_PROJECT_VERSION = 1;
				GENERATE_INFOPLIST_FILE = YES;
				MACOSX_DEPLOYMENT_TARGET = 14.4;
				MARKETING_VERSION = 1.0;
				PRODUCT_BUNDLE_IDENTIFIER = "Iskren-Alexandrov.PodTests";
				PRODUCT_NAME = "$(TARGET_NAME)";
				SWIFT_EMIT_LOC_STRINGS = NO;
				SWIFT_VERSION = 5.0;
				TEST_HOST = "$(BUILT_PRODUCTS_DIR)/Pod.app/$(BUNDLE_EXECUTABLE_FOLDER_PATH)/Pod";
			};
			name = Debug;
		};
		B1BBDD502C26C38000C062D8 /* Release */ = {
			isa = XCBuildConfiguration;
			buildSettings = {
				ALWAYS_EMBED_SWIFT_STANDARD_LIBRARIES = YES;
				BUNDLE_LOADER = "$(TEST_HOST)";
				CODE_SIGN_STYLE = Automatic;
				CURRENT_PROJECT_VERSION = 1;
				GENERATE_INFOPLIST_FILE = YES;
				MACOSX_DEPLOYMENT_TARGET = 14.4;
				MARKETING_VERSION = 1.0;
				PRODUCT_BUNDLE_IDENTIFIER = "Iskren-Alexandrov.PodTests";
				PRODUCT_NAME = "$(TARGET_NAME)";
				SWIFT_EMIT_LOC_STRINGS = NO;
				SWIFT_VERSION = 5.0;
				TEST_HOST = "$(BUILT_PRODUCTS_DIR)/Pod.app/$(BUNDLE_EXECUTABLE_FOLDER_PATH)/Pod";
			};
			name = Release;
		};
		B1BBDD522C26C38000C062D8 /* Debug */ = {
			isa = XCBuildConfiguration;
			buildSettings = {
				ALWAYS_EMBED_SWIFT_STANDARD_LIBRARIES = YES;
				CODE_SIGN_STYLE = Automatic;
				CURRENT_PROJECT_VERSION = 1;
				GENERATE_INFOPLIST_FILE = YES;
				MARKETING_VERSION = 1.0;
				PRODUCT_BUNDLE_IDENTIFIER = "Iskren-Alexandrov.PodUITests";
				PRODUCT_NAME = "$(TARGET_NAME)";
				SWIFT_EMIT_LOC_STRINGS = NO;
				SWIFT_VERSION = 5.0;
				TEST_TARGET_NAME = Pod;
			};
			name = Debug;
		};
		B1BBDD532C26C38000C062D8 /* Release */ = {
			isa = XCBuildConfiguration;
			buildSettings = {
				ALWAYS_EMBED_SWIFT_STANDARD_LIBRARIES = YES;
				CODE_SIGN_STYLE = Automatic;
				CURRENT_PROJECT_VERSION = 1;
				GENERATE_INFOPLIST_FILE = YES;
				MARKETING_VERSION = 1.0;
				PRODUCT_BUNDLE_IDENTIFIER = "Iskren-Alexandrov.PodUITests";
				PRODUCT_NAME = "$(TARGET_NAME)";
				SWIFT_EMIT_LOC_STRINGS = NO;
				SWIFT_VERSION = 5.0;
				TEST_TARGET_NAME = Pod;
			};
			name = Release;
		};
/* End XCBuildConfiguration section */

/* Begin XCConfigurationList section */
		B1BBDD212C26C37F00C062D8 /* Build configuration list for PBXProject "Pod" */ = {
			isa = XCConfigurationList;
			buildConfigurations = (
				B1BBDD492C26C38000C062D8 /* Debug */,
				B1BBDD4A2C26C38000C062D8 /* Release */,
			);
			defaultConfigurationIsVisible = 0;
			defaultConfigurationName = Release;
		};
		B1BBDD4B2C26C38000C062D8 /* Build configuration list for PBXNativeTarget "Pod" */ = {
			isa = XCConfigurationList;
			buildConfigurations = (
				B1BBDD4C2C26C38000C062D8 /* Debug */,
				B1BBDD4D2C26C38000C062D8 /* Release */,
			);
			defaultConfigurationIsVisible = 0;
			defaultConfigurationName = Release;
		};
		B1BBDD4E2C26C38000C062D8 /* Build configuration list for PBXNativeTarget "PodTests" */ = {
			isa = XCConfigurationList;
			buildConfigurations = (
				B1BBDD4F2C26C38000C062D8 /* Debug */,
				B1BBDD502C26C38000C062D8 /* Release */,
			);
			defaultConfigurationIsVisible = 0;
			defaultConfigurationName = Release;
		};
		B1BBDD512C26C38000C062D8 /* Build configuration list for PBXNativeTarget "PodUITests" */ = {
			isa = XCConfigurationList;
			buildConfigurations = (
				B1BBDD522C26C38000C062D8 /* Debug */,
				B1BBDD532C26C38000C062D8 /* Release */,
			);
			defaultConfigurationIsVisible = 0;
			defaultConfigurationName = Release;
		};
/* End XCConfigurationList section */
	};
	rootObject = B1BBDD1E2C26C37F00C062D8 /* Project object */;
}
