// !$*UTF8*$!
{
	archiveVersion = 1;
	classes = {
	};
	objectVersion = 56;
	objects = {

/* Begin PBXBuildFile section */
		B1SPOT012D51000000000001 /* SpotifyModels.swift in Sources */ = {isa = PBXBuildFile; fileRef = B1SPOT002D51000000000001 /* SpotifyModels.swift */; };
		B1SPOT032D51000000000001 /* SpotifyService.swift in Sources */ = {isa = PBXBuildFile; fileRef = B1SPOT022D51000000000001 /* SpotifyService.swift */; };
		B1SPOT052D51000000000001 /* SpotifySettings.swift in Sources */ = {isa = PBXBuildFile; fileRef = B1SPOT042D51000000000001 /* SpotifySettings.swift */; };
		B1SPOT072D51000000000001 /* spotify-player.html in Resources */ = {isa = PBXBuildFile; fileRef = B1SPOT062D51000000000001 /* spotify-player.html */; };
		B10DB1FB2D50D11000838577 /* RadioSettings.swift in Sources */ = {isa = PBXBuildFile; fileRef = B10DB1FA2D50D11000838577 /* RadioSettings.swift */; };
		B125689D2C3E628F00410782 /* SettingsView.swift in Sources */ = {isa = PBXBuildFile; fileRef = B125689C2C3E628F00410782 /* SettingsView.swift */; };
		B129C74D2C33E9E400E185C8 /* HomeDirectory.swift in Sources */ = {isa = PBXBuildFile; fileRef = B129C74C2C33E9E400E185C8 /* HomeDirectory.swift */; };
		B149B95E2C28124000B13AFA /* LoadAudioFiles.swift in Sources */ = {isa = PBXBuildFile; fileRef = B149B95D2C28124000B13AFA /* LoadAudioFiles.swift */; };
		B149B9602C282BEB00B13AFA /* SongView.swift in Sources */ = {isa = PBXBuildFile; fileRef = B149B95F2C282BEB00B13AFA /* SongView.swift */; };
		B150D0432C4ED1E900A03CE3 /* TelemetryDeck in Frameworks */ = {isa = PBXBuildFile; productRef = B150D0422C4ED1E900A03CE3 /* TelemetryDeck */; };
		B1SPARKLE12D5100000000001 /* Sparkle in Frameworks */ = {isa = PBXBuildFile; productRef = B1SPARKLE02D5100000000001 /* Sparkle */; };
		B15790A42C2C7A2100179E62 /* SongViewModel.swift in Sources */ = {isa = PBXBuildFile; fileRef = B15790A32C2C7A2100179E62 /* SongViewModel.swift */; };
		B1PLAY012D51000000000001 /* PlaybackProvider.swift in Sources */ = {isa = PBXBuildFile; fileRef = B1PLAY002D51000000000001 /* PlaybackProvider.swift */; };
		B19420FE2C3BDC7B00C918B5 /* Onboarding.swift in Sources */ = {isa = PBXBuildFile; fileRef = B19420FD2C3BDC7B00C918B5 /* Onboarding.swift */; };
		B19421002C3BE33000C918B5 /* OnboardingScreenModel.swift in Sources */ = {isa = PBXBuildFile; fileRef = B19420FF2C3BE33000C918B5 /* OnboardingScreenModel.swift */; };
		B19421032C3BE88600C918B5 /* OnboardingViewModel.swift in Sources */ = {isa = PBXBuildFile; fileRef = B19421022C3BE88600C918B5 /* OnboardingViewModel.swift */; };
		B19C2F5A2C4177230086A191 /* ClickWheel.swift in Sources */ = {isa = PBXBuildFile; fileRef = B19C2F592C4177230086A191 /* ClickWheel.swift */; };
		B19C2F5C2C42BFF10086A191 /* Screen.swift in Sources */ = {isa = PBXBuildFile; fileRef = B19C2F5B2C42BFF10086A191 /* Screen.swift */; };
		B19F79602C2FFD3900411F62 /* AlbumView.swift in Sources */ = {isa = PBXBuildFile; fileRef = B19F795F2C2FFD3900411F62 /* AlbumView.swift */; };
		B19F79622C2FFEDA00411F62 /* Album.swift in Sources */ = {isa = PBXBuildFile; fileRef = B19F79612C2FFEDA00411F62 /* Album.swift */; };
		B19F79662C30083400411F62 /* AlbumViewModel.swift in Sources */ = {isa = PBXBuildFile; fileRef = B19F79652C30083400411F62 /* AlbumViewModel.swift */; };
		B19F79682C30125400411F62 /* ProtocolViewModel.swift in Sources */ = {isa = PBXBuildFile; fileRef = B19F79672C30125400411F62 /* ProtocolViewModel.swift */; };
		B19F796A2C3025F100411F62 /* GlobalState.swift in Sources */ = {isa = PBXBuildFile; fileRef = B19F79692C3025F100411F62 /* GlobalState.swift */; };
		B1BATT012D51000000000001 /* BatteryMonitor.swift in Sources */ = {isa = PBXBuildFile; fileRef = B1BATT002D51000000000001 /* BatteryMonitor.swift */; };
		B1BBDD2A2C26C37F00C062D8 /* PodApp.swift in Sources */ = {isa = PBXBuildFile; fileRef = B1BBDD292C26C37F00C062D8 /* PodApp.swift */; };
		B1BBDD2C2C26C37F00C062D8 /* ContentView.swift in Sources */ = {isa = PBXBuildFile; fileRef = B1BBDD2B2C26C37F00C062D8 /* ContentView.swift */; };
		B1BBDD2E2C26C38000C062D8 /* Assets.xcassets in Resources */ = {isa = PBXBuildFile; fileRef = B1BBDD2D2C26C38000C062D8 /* Assets.xcassets */; };
		B1BBDD312C26C38000C062D8 /* Preview Assets.xcassets in Resources */ = {isa = PBXBuildFile; fileRef = B1BBDD302C26C38000C062D8 /* Preview Assets.xcassets */; };
		B1BBDD562C26C4B700C062D8 /* Song.swift in Sources */ = {isa = PBXBuildFile; fileRef = B1BBDD552C26C4B700C062D8 /* Song.swift */; };
		B1E77E662C50DDBE0054DC3C /* GeneralSettings.swift in Sources */ = {isa = PBXBuildFile; fileRef = B1E77E652C50DDBE0054DC3C /* GeneralSettings.swift */; };
		B1E77E682C50DE560054DC3C /* ContactUs.swift in Sources */ = {isa = PBXBuildFile; fileRef = B1E77E672C50DE560054DC3C /* ContactUs.swift */; };
		B1SETC012D51000000000001 /* SettingsComponents.swift in Sources */ = {isa = PBXBuildFile; fileRef = B1SETC002D51000000000001 /* SettingsComponents.swift */; };
/* End PBXBuildFile section */

/* Begin PBXFileReference section */
		B1SPOT002D51000000000001 /* SpotifyModels.swift */ = {isa = PBXFileReference; lastKnownFileType = sourcecode.swift; path = SpotifyModels.swift; sourceTree = "<group>"; };
		B1SPOT022D51000000000001 /* SpotifyService.swift */ = {isa = PBXFileReference; lastKnownFileType = sourcecode.swift; path = SpotifyService.swift; sourceTree = "<group>"; };
		B1SPOT042D51000000000001 /* SpotifySettings.swift */ = {isa = PBXFileReference; lastKnownFileType = sourcecode.swift; path = SpotifySettings.swift; sourceTree = "<group>"; };
		B1SPOT062D51000000000001 /* spotify-player.html */ = {isa = PBXFileReference; lastKnownFileType = text.html; path = "spotify-player.html"; sourceTree = "<group>"; };
		B10DB1FA2D50D11000838577 /* RadioSettings.swift */ = {isa = PBXFileReference; lastKnownFileType = sourcecode.swift; path = RadioSettings.swift; sourceTree = "<group>"; };
		B10DB1FC2D50DBC000838577 /* Info.plist */ = {isa = PBXFileReference; lastKnownFileType = text.plist; path = Info.plist; sourceTree = "<group>"; };
		B125689C2C3E628F00410782 /* SettingsView.swift */ = {isa = PBXFileReference; lastKnownFileType = sourcecode.swift; path = SettingsView.swift; sourceTree = "<group>"; };
		B129C74C2C33E9E400E185C8 /* HomeDirectory.swift */ = {isa = PBXFileReference; lastKnownFileType = sourcecode.swift; path = HomeDirectory.swift; sourceTree = "<group>"; };
		B149B95D2C28124000B13AFA /* LoadAudioFiles.swift */ = {isa = PBXFileReference; lastKnownFileType = sourcecode.swift; path = LoadAudioFiles.swift; sourceTree = "<group>"; };
		B149B95F2C282BEB00B13AFA /* SongView.swift */ = {isa = PBXFileReference; lastKnownFileType = sourcecode.swift; path = SongView.swift; sourceTree = "<group>"; };
		B15790A32C2C7A2100179E62 /* SongViewModel.swift */ = {isa = PBXFileReference; lastKnownFileType = sourcecode.swift; path = SongViewModel.swift; sourceTree = "<group>"; };
		B1PLAY002D51000000000001 /* PlaybackProvider.swift */ = {isa = PBXFileReference; lastKnownFileType = sourcecode.swift; path = PlaybackProvider.swift; sourceTree = "<group>"; };
		B19420FD2C3BDC7B00C918B5 /* Onboarding.swift */ = {isa = PBXFileReference; lastKnownFileType = sourcecode.swift; path = Onboarding.swift; sourceTree = "<group>"; };
		B19420FF2C3BE33000C918B5 /* OnboardingScreenModel.swift */ = {isa = PBXFileReference; lastKnownFileType = sourcecode.swift; path = OnboardingScreenModel.swift; sourceTree = "<group>"; };
		B19421022C3BE88600C918B5 /* OnboardingViewModel.swift */ = {isa = PBXFileReference; lastKnownFileType = sourcecode.swift; path = OnboardingViewModel.swift; sourceTree = "<group>"; };
		B19C2F592C4177230086A191 /* ClickWheel.swift */ = {isa = PBXFileReference; lastKnownFileType = sourcecode.swift; path = ClickWheel.swift; sourceTree = "<group>"; };
		B19C2F5B2C42BFF10086A191 /* Screen.swift */ = {isa = PBXFileReference; lastKnownFileType = sourcecode.swift; path = Screen.swift; sourceTree = "<group>"; };
		B19F795F2C2FFD3900411F62 /* AlbumView.swift */ = {isa = PBXFileReference; lastKnownFileType = sourcecode.swift; path = AlbumView.swift; sourceTree = "<group>"; };
		B19F79612C2FFEDA00411F62 /* Album.swift */ = {isa = PBXFileReference; lastKnownFileType = sourcecode.swift; path = Album.swift; sourceTree = "<group>"; };
		B19F79652C30083400411F62 /* AlbumViewModel.swift */ = {isa = PBXFileReference; lastKnownFileType = sourcecode.swift; path = AlbumViewModel.swift; sourceTree = "<group>"; };
		B19F79672C30125400411F62 /* ProtocolViewModel.swift */ = {isa = PBXFileReference; lastKnownFileType = sourcecode.swift; path = ProtocolViewModel.swift; sourceTree = "<group>"; };
		B19F79692C3025F100411F62 /* GlobalState.swift */ = {isa = PBXFileReference; lastKnownFileType = sourcecode.swift; path = GlobalState.swift; sourceTree = "<group>"; };
		B1BATT002D51000000000001 /* BatteryMonitor.swift */ = {isa = PBXFileReference; lastKnownFileType = sourcecode.swift; path = BatteryMonitor.swift; sourceTree = "<group>"; };
		B1BBDD262C26C37F00C062D8 /* Pod.app */ = {isa = PBXFileReference; explicitFileType = wrapper.application; includeInIndex = 0; path = Pod.app; sourceTree = BUILT_PRODUCTS_DIR; };
		B1BBDD292C26C37F00C062D8 /* PodApp.swift */ = {isa = PBXFileReference; lastKnownFileType = sourcecode.swift; path = PodApp.swift; sourceTree = "<group>"; };
		B1BBDD2B2C26C37F00C062D8 /* ContentView.swift */ = {isa = PBXFileReference; lastKnownFileType = sourcecode.swift; path = ContentView.swift; sourceTree = "<group>"; };
		B1BBDD2D2C26C38000C062D8 /* Assets.xcassets */ = {isa = PBXFileReference; lastKnownFileType = folder.assetcatalog; path = Assets.xcassets; sourceTree = "<group>"; };
		B1BBDD302C26C38000C062D8 /* Preview Assets.xcassets */ = {isa = PBXFileReference; lastKnownFileType = folder.assetcatalog; path = "Preview Assets.xcassets"; sourceTree = "<group>"; };
		B1BBDD322C26C38000C062D8 /* Pod.entitlements */ = {isa = PBXFileReference; lastKnownFileType = text.plist.entitlements; path = Pod.entitlements; sourceTree = "<group>"; };
		B1BBDD552C26C4B700C062D8 /* Song.swift */ = {isa = PBXFileReference; lastKnownFileType = sourcecode.swift; path = Song.swift; sourceTree = "<group>"; };
		B1E77E652C50DDBE0054DC3C /* GeneralSettings.swift */ = {isa = PBXFileReference; lastKnownFileType = sourcecode.swift; path = GeneralSettings.swift; sourceTree = "<group>"; };
		B1E77E672C50DE560054DC3C /* ContactUs.swift */ = {isa = PBXFileReference; lastKnownFileType = sourcecode.swift; path = ContactUs.swift; sourceTree = "<group>"; };
		B1SETC002D51000000000001 /* SettingsComponents.swift */ = {isa = PBXFileReference; lastKnownFileType = sourcecode.swift; path = SettingsComponents.swift; sourceTree = "<group>"; };
/* End PBXFileReference section */

/* Begin PBXFrameworksBuildPhase section */
		B1BBDD232C26C37F00C062D8 /* Frameworks */ = {
			isa = PBXFrameworksBuildPhase;
			buildActionMask = 2147483647;
			files = (
				B150D0432C4ED1E900A03CE3 /* TelemetryDeck in Frameworks */,
				B1SPARKLE12D5100000000001 /* Sparkle in Frameworks */,
			);
			runOnlyForDeploymentPostprocessing = 0;
		};
/* End PBXFrameworksBuildPhase section */

/* Begin PBXGroup section */
		B19421012C3BE85D00C918B5 /* Onboarding */ = {
			isa = PBXGroup;
			children = (
				B19420FD2C3BDC7B00C918B5 /* Onboarding.swift */,
				B19421022C3BE88600C918B5 /* OnboardingViewModel.swift */,
			);
			path = Onboarding;
			sourceTree = "<group>";
		};
		B19F79632C30081800411F62 /* Song */ = {
			isa = PBXGroup;
			children = (
				B149B95F2C282BEB00B13AFA /* SongView.swift */,
				B15790A32C2C7A2100179E62 /* SongViewModel.swift */,
				B1PLAY002D51000000000001 /* PlaybackProvider.swift */,
				B149B95D2C28124000B13AFA /* LoadAudioFiles.swift */,
			);
			path = Song;
			sourceTree = "<group>";
		};
		B19F79642C30082100411F62 /* Album */ = {
			isa = PBXGroup;
			children = (
				B19F795F2C2FFD3900411F62 /* AlbumView.swift */,
				B19F79652C30083400411F62 /* AlbumViewModel.swift */,
			);
			path = Album;
			sourceTree = "<group>";
		};
		B1BBDD1D2C26C37F00C062D8 = {
			isa = PBXGroup;
			children = (
				B1BBDD282C26C37F00C062D8 /* Pod */,
				B1BBDD272C26C37F00C062D8 /* Products */,
			);
			sourceTree = "<group>";
		};
		B1BBDD272C26C37F00C062D8 /* Products */ = {
			isa = PBXGroup;
			children = (
				B1BBDD262C26C37F00C062D8 /* Pod.app */,
			);
			name = Products;
			sourceTree = "<group>";
		};
		B1BBDD282C26C37F00C062D8 /* Pod */ = {
			isa = PBXGroup;
			children = (
				B10DB1FC2D50DBC000838577 /* Info.plist */,
				B1E77E642C50DD260054DC3C /* Wheel */,
				B1E77E632C50DCF70054DC3C /* Settings */,
				B1E77E612C50DB660054DC3C /* State */,
				B19421012C3BE85D00C918B5 /* Onboarding */,
				B19F79642C30082100411F62 /* Album */,
				B19F79632C30081800411F62 /* Song */,
				B1BBDD542C26C49900C062D8 /* Model */,
				B1SPOT082D51000000000001 /* Spotify */,
				B1SPOT092D51000000000001 /* Resources */,
				B1BBDD2B2C26C37F00C062D8 /* ContentView.swift */,
				B1BBDD292C26C37F00C062D8 /* PodApp.swift */,
				B1BBDD2D2C26C38000C062D8 /* Assets.xcassets */,
				B1BBDD322C26C38000C062D8 /* Pod.entitlements */,
				B1BBDD2F2C26C38000C062D8 /* Preview Content */,
			);
			path = Pod;
			sourceTree = "<group>";
		};
		B1BBDD2F2C26C38000C062D8 /* Preview Content */ = {
			isa = PBXGroup;
			children = (
				B1BBDD302C26C38000C062D8 /* Preview Assets.xcassets */,
			);
			path = "Preview Content";
			sourceTree = "<group>";
		};
		B1BBDD542C26C49900C062D8 /* Model */ = {
			isa = PBXGroup;
			children = (
				B19F79672C30125400411F62 /* ProtocolViewModel.swift */,
				B1BBDD552C26C4B700C062D8 /* Song.swift */,
				B19F79612C2FFEDA00411F62 /* Album.swift */,
				B19420FF2C3BE33000C918B5 /* OnboardingScreenModel.swift */,
				B19C2F5B2C42BFF10086A191 /* Screen.swift */,
			);
			path = Model;
			sourceTree = "<group>";
		};
		B1E77E612C50DB660054DC3C /* State */ = {
			isa = PBXGroup;
			children = (
				B19F79692C3025F100411F62 /* GlobalState.swift */,
				B129C74C2C33E9E400E185C8 /* HomeDirectory.swift */,
				B1BATT002D51000000000001 /* BatteryMonitor.swift */,
			);
			path = State;
			sourceTree = "<group>";
		};
		B1E77E632C50DCF70054DC3C /* Settings */ = {
			isa = PBXGroup;
			children = (
				B125689C2C3E628F00410782 /* SettingsView.swift */,
				B1SETC002D51000000000001 /* SettingsComponents.swift */,
				B1E77E652C50DDBE0054DC3C /* GeneralSettings.swift */,
				B1E77E672C50DE560054DC3C /* ContactUs.swift */,
				B10DB1FA2D50D11000838577 /* RadioSettings.swift */,
			);
			path = Settings;
			sourceTree = "<group>";
		};
		B1E77E642C50DD260054DC3C /* Wheel */ = {
			isa = PBXGroup;
			children = (
				B19C2F592C4177230086A191 /* ClickWheel.swift */,
			);
			path = Wheel;
			sourceTree = "<group>";
		};
		B1SPOT082D51000000000001 /* Spotify */ = {
			isa = PBXGroup;
			children = (
				B1SPOT002D51000000000001 /* SpotifyModels.swift */,
				B1SPOT022D51000000000001 /* SpotifyService.swift */,
				B1SPOT042D51000000000001 /* SpotifySettings.swift */,
			);
			path = Spotify;
			sourceTree = "<group>";
		};
		B1SPOT092D51000000000001 /* Resources */ = {
			isa = PBXGroup;
			children = (
				B1SPOT062D51000000000001 /* spotify-player.html */,
			);
			path = Resources;
			sourceTree = "<group>";
		};
/* End PBXGroup section */

/* Begin PBXNativeTarget section */
		B1BBDD252C26C37F00C062D8 /* Pod */ = {
			isa = PBXNativeTarget;
			buildConfigurationList = B1BBDD4B2C26C38000C062D8 /* Build configuration list for PBXNativeTarget "Pod" */;
			buildPhases = (
				B1BBDD222C26C37F00C062D8 /* Sources */,
				B1BBDD232C26C37F00C062D8 /* Frameworks */,
				B1BBDD242C26C37F00C062D8 /* Resources */,
			);
			buildRules = (
			);
			dependencies = (
			);
			name = Pod;
			packageProductDependencies = (
				B150D0422C4ED1E900A03CE3 /* TelemetryDeck */,
				B1SPARKLE02D5100000000001 /* Sparkle */,
			);
			productName = Pod;
			productReference = B1BBDD262C26C37F00C062D8 /* Pod.app */;
			productType = "com.apple.product-type.application";
		};
/* End PBXNativeTarget section */

/* Begin PBXProject section */
		B1BBDD1E2C26C37F00C062D8 /* Project object */ = {
			isa = PBXProject;
			attributes = {
				BuildIndependentTargetsInParallel = 1;
				LastSwiftUpdateCheck = 1530;
				LastUpgradeCheck = 1530;
				TargetAttributes = {
					B1BBDD252C26C37F00C062D8 = {
						CreatedOnToolsVersion = 15.3;
					};
				};
			};
			buildConfigurationList = B1BBDD212C26C37F00C062D8 /* Build configuration list for PBXProject "Pod" */;
			compatibilityVersion = "Xcode 14.0";
			developmentRegion = en;
			hasScannedForEncodings = 0;
			knownRegions = (
				en,
				Base,
			);
			mainGroup = B1BBDD1D2C26C37F00C062D8;
			packageReferences = (
				B150D0412C4ED14D00A03CE3 /* XCRemoteSwiftPackageReference "SwiftSDK" */,
				B1SPARKLE32D5100000000001 /* XCRemoteSwiftPackageReference "Sparkle" */,
			);
			productRefGroup = B1BBDD272C26C37F00C062D8 /* Products */;
			projectDirPath = "";
			projectRoot = "";
			targets = (
				B1BBDD252C26C37F00C062D8 /* Pod */,
			);
		};
/* End PBXProject section */

/* Begin PBXResourcesBuildPhase section */
		B1BBDD242C26C37F00C062D8 /* Resources */ = {
			isa = PBXResourcesBuildPhase;
			buildActionMask = 2147483647;
			files = (
				B1BBDD312C26C38000C062D8 /* Preview Assets.xcassets in Resources */,
				B1BBDD2E2C26C38000C062D8 /* Assets.xcassets in Resources */,
				B1SPOT072D51000000000001 /* spotify-player.html in Resources */,
			);
			runOnlyForDeploymentPostprocessing = 0;
		};
/* End PBXResourcesBuildPhase section */

/* Begin PBXSourcesBuildPhase section */
		B1BBDD222C26C37F00C062D8 /* Sources */ = {
			isa = PBXSourcesBuildPhase;
			buildActionMask = 2147483647;
			files = (
				B129C74D2C33E9E400E185C8 /* HomeDirectory.swift in Sources */,
				B19F79682C30125400411F62 /* ProtocolViewModel.swift in Sources */,
				B125689D2C3E628F00410782 /* SettingsView.swift in Sources */,
				B19F79662C30083400411F62 /* AlbumViewModel.swift in Sources */,
				B19421002C3BE33000C918B5 /* OnboardingScreenModel.swift in Sources */,
				B15790A42C2C7A2100179E62 /* SongViewModel.swift in Sources */,
				B1PLAY012D51000000000001 /* PlaybackProvider.swift in Sources */,
				B149B95E2C28124000B13AFA /* LoadAudioFiles.swift in Sources */,
				B1BBDD562C26C4B700C062D8 /* Song.swift in Sources */,
				B149B9602C282BEB00B13AFA /* SongView.swift in Sources */,
				B19421032C3BE88600C918B5 /* OnboardingViewModel.swift in Sources */,
				B19C2F5C2C42BFF10086A191 /* Screen.swift in Sources */,
				B19F79602C2FFD3900411F62 /* AlbumView.swift in Sources */,
				B19F796A2C3025F100411F62 /* GlobalState.swift in Sources */,
				B1BATT012D51000000000001 /* BatteryMonitor.swift in Sources */,
				B1BBDD2C2C26C37F00C062D8 /* ContentView.swift in Sources */,
				B19420FE2C3BDC7B00C918B5 /* Onboarding.swift in Sources */,
				B1BBDD2A2C26C37F00C062D8 /* PodApp.swift in Sources */,
				B19C2F5A2C4177230086A191 /* ClickWheel.swift in Sources */,
				B10DB1FB2D50D11000838577 /* RadioSettings.swift in Sources */,
				B19F79622C2FFEDA00411F62 /* Album.swift in Sources */,
				B1E77E662C50DDBE0054DC3C /* GeneralSettings.swift in Sources */,
				B1E77E682C50DE560054DC3C /* ContactUs.swift in Sources */,
				B1SPOT012D51000000000001 /* SpotifyModels.swift in Sources */,
				B1SPOT032D51000000000001 /* SpotifyService.swift in Sources */,
				B1SPOT052D51000000000001 /* SpotifySettings.swift in Sources */,
				B1SETC012D51000000000001 /* SettingsComponents.swift in Sources */,
			);
			runOnlyForDeploymentPostprocessing = 0;
		};
/* End PBXSourcesBuildPhase section */

/* Begin XCBuildConfiguration section */
		B1BBDD492C26C38000C062D8 /* Debug */ = {
			isa = XCBuildConfiguration;
			buildSettings = {
				ALWAYS_SEARCH_USER_PATHS = NO;
				ASSETCATALOG_COMPILER_GENERATE_SWIFT_ASSET_SYMBOL_EXTENSIONS = YES;
				CLANG_ANALYZER_NONNULL = YES;
				CLANG_ANALYZER_NUMBER_OBJECT_CONVERSION = YES_AGGRESSIVE;
				CLANG_CXX_LANGUAGE_STANDARD = "gnu++20";
				CLANG_ENABLE_MODULES = YES;
				CLANG_ENABLE_OBJC_ARC = YES;
				CLANG_ENABLE_OBJC_WEAK = YES;
				CLANG_WARN_BLOCK_CAPTURE_AUTORELEASING = YES;
				CLANG_WARN_BOOL_CONVERSION = YES;
				CLANG_WARN_COMMA = YES;
				CLANG_WARN_CONSTANT_CONVERSION = YES;
				CLANG_WARN_DEPRECATED_OBJC_IMPLEMENTATIONS = YES;
				CLANG_WARN_DIRECT_OBJC_ISA_USAGE = YES_ERROR;
				CLANG_WARN_DOCUMENTATION_COMMENTS = YES;
				CLANG_WARN_EMPTY_BODY = YES;
				CLANG_WARN_ENUM_CONVERSION = YES;
				CLANG_WARN_INFINITE_RECURSION = YES;
				CLANG_WARN_INT_CONVERSION = YES;
				CLANG_WARN_NON_LITERAL_NULL_CONVERSION = YES;
				CLANG_WARN_OBJC_IMPLICIT_RETAIN_SELF = YES;
				CLANG_WARN_OBJC_LITERAL_CONVERSION = YES;
				CLANG_WARN_OBJC_ROOT_CLASS = YES_ERROR;
				CLANG_WARN_QUOTED_INCLUDE_IN_FRAMEWORK_HEADER = YES;
				CLANG_WARN_RANGE_LOOP_ANALYSIS = YES;
				CLANG_WARN_STRICT_PROTOTYPES = YES;
				CLANG_WARN_SUSPICIOUS_MOVE = YES;
				CLANG_WARN_UNGUARDED_AVAILABILITY = YES_AGGRESSIVE;
				CLANG_WARN_UNREACHABLE_CODE = YES;
				CLANG_WARN__DUPLICATE_METHOD_MATCH = YES;
				COPY_PHASE_STRIP = NO;
				DEBUG_INFORMATION_FORMAT = dwarf;
				ENABLE_STRICT_OBJC_MSGSEND = YES;
				ENABLE_TESTABILITY = YES;
				ENABLE_USER_SCRIPT_SANDBOXING = YES;
				GCC_C_LANGUAGE_STANDARD = gnu17;
				GCC_DYNAMIC_NO_PIC = NO;
				GCC_NO_COMMON_BLOCKS = YES;
				GCC_OPTIMIZATION_LEVEL = 0;
				GCC_PREPROCESSOR_DEFINITIONS = (
					"DEBUG=1",
					"$(inherited)",
				);
				GCC_WARN_64_TO_32_BIT_CONVERSION = YES;
				GCC_WARN_ABOUT_RETURN_TYPE = YES_ERROR;
				GCC_WARN_UNDECLARED_SELECTOR = YES;
				GCC_WARN_UNINITIALIZED_AUTOS = YES_AGGRESSIVE;
				GCC_WARN_UNUSED_FUNCTION = YES;
				GCC_WARN_UNUSED_VARIABLE = YES;
				LOCALIZATION_PREFERS_STRING_CATALOGS = YES;
				MACOSX_DEPLOYMENT_TARGET = 14.4;
				MTL_ENABLE_DEBUG_INFO = INCLUDE_SOURCE;
				MTL_FAST_MATH = YES;
				ONLY_ACTIVE_ARCH = YES;
				SDKROOT = macosx;
				SWIFT_ACTIVE_COMPILATION_CONDITIONS = "DEBUG $(inherited)";
				SWIFT_OPTIMIZATION_LEVEL = "-Onone";
			};
			name = Debug;
		};
		B1BBDD4A2C26C38000C062D8 /* Release */ = {
			isa = XCBuildConfiguration;
			buildSettings = {
				ALWAYS_SEARCH_USER_PATHS = NO;
				ASSETCATALOG_COMPILER_GENERATE_SWIFT_ASSET_SYMBOL_EXTENSIONS = YES;
				CLANG_ANALYZER_NONNULL = YES;
				CLANG_ANALYZER_NUMBER_OBJECT_CONVERSION = YES_AGGRESSIVE;
				CLANG_CXX_LANGUAGE_STANDARD = "gnu++20";
				CLANG_ENABLE_MODULES = YES;
				CLANG_ENABLE_OBJC_ARC = YES;
				CLANG_ENABLE_OBJC_WEAK = YES;
				CLANG_WARN_BLOCK_CAPTURE_AUTORELEASING = YES;
				CLANG_WARN_BOOL_CONVERSION = YES;
				CLANG_WARN_COMMA = YES;
				CLANG_WARN_CONSTANT_CONVERSION = YES;
				CLANG_WARN_DEPRECATED_OBJC_IMPLEMENTATIONS = YES;
				CLANG_WARN_DIRECT_OBJC_ISA_USAGE = YES_ERROR;
				CLANG_WARN_DOCUMENTATION_COMMENTS = YES;
				CLANG_WARN_EMPTY_BODY = YES;
				CLANG_WARN_ENUM_CONVERSION = YES;
				CLANG_WARN_INFINITE_RECURSION = YES;
				CLANG_WARN_INT_CONVERSION = YES;
				CLANG_WARN_NON_LITERAL_NULL_CONVERSION = YES;
				CLANG_WARN_OBJC_IMPLICIT_RETAIN_SELF = YES;
				CLANG_WARN_OBJC_LITERAL_CONVERSION = YES;
				CLANG_WARN_OBJC_ROOT_CLASS = YES_ERROR;
				CLANG_WARN_QUOTED_INCLUDE_IN_FRAMEWORK_HEADER = YES;
				CLANG_WARN_RANGE_LOOP_ANALYSIS = YES;
				CLANG_WARN_STRICT_PROTOTYPES = YES;
				CLANG_WARN_SUSPICIOUS_MOVE = YES;
				CLANG_WARN_UNGUARDED_AVAILABILITY = YES_AGGRESSIVE;
				CLANG_WARN_UNREACHABLE_CODE = YES;
				CLANG_WARN__DUPLICATE_METHOD_MATCH = YES;
				COPY_PHASE_STRIP = NO;
				DEBUG_INFORMATION_FORMAT = "dwarf-with-dsym";
				ENABLE_NS_ASSERTIONS = NO;
				ENABLE_STRICT_OBJC_MSGSEND = YES;
				ENABLE_USER_SCRIPT_SANDBOXING = YES;
				GCC_C_LANGUAGE_STANDARD = gnu17;
				GCC_NO_COMMON_BLOCKS = YES;
				GCC_WARN_64_TO_32_BIT_CONVERSION = YES;
				GCC_WARN_ABOUT_RETURN_TYPE = YES_ERROR;
				GCC_WARN_UNDECLARED_SELECTOR = YES;
				GCC_WARN_UNINITIALIZED_AUTOS = YES_AGGRESSIVE;
				GCC_WARN_UNUSED_FUNCTION = YES;
				GCC_WARN_UNUSED_VARIABLE = YES;
				LOCALIZATION_PREFERS_STRING_CATALOGS = YES;
				MACOSX_DEPLOYMENT_TARGET = 14.4;
				MTL_ENABLE_DEBUG_INFO = NO;
				MTL_FAST_MATH = YES;
				SDKROOT = macosx;
				SWIFT_COMPILATION_MODE = wholemodule;
			};
			name = Release;
		};
		B1BBDD4C2C26C38000C062D8 /* Debug */ = {
			isa = XCBuildConfiguration;
			buildSettings = {
				ASSETCATALOG_COMPILER_APPICON_NAME = AppIcon;
				ASSETCATALOG_COMPILER_GLOBAL_ACCENT_COLOR_NAME = AccentColor;
				CODE_SIGN_ENTITLEMENTS = Pod/Pod.entitlements;
				"CODE_SIGN_IDENTITY[sdk=macosx*]" = "Apple Development";
				CODE_SIGN_STYLE = Automatic;
				COMBINE_HIDPI_IMAGES = YES;
				CURRENT_PROJECT_VERSION = 1;
				DEVELOPMENT_ASSET_PATHS = "\"Pod/Preview Content\"";
				DEVELOPMENT_TEAM = B7949NL6NG;
				ENABLE_HARDENED_RUNTIME = YES;
				ENABLE_PREVIEWS = YES;
				GENERATE_INFOPLIST_FILE = YES;
				INFOPLIST_FILE = Pod/Info.plist;
				INFOPLIST_KEY_CFBundleDisplayName = Pod;
				INFOPLIST_KEY_LSApplicationCategoryType = "public.app-category.music";
				INFOPLIST_KEY_NSHumanReadableCopyright = "";
				LD_RUNPATH_SEARCH_PATHS = (
					"$(inherited)",
					"@executable_path/../Frameworks",
				);
				MACOSX_DEPLOYMENT_TARGET = 12.4;
				MARKETING_VERSION = 1.7;
				PRODUCT_BUNDLE_IDENTIFIER = "Iskren-Alexandrov.Pod";
				PRODUCT_NAME = "$(TARGET_NAME)";
				SWIFT_EMIT_LOC_STRINGS = YES;
				SWIFT_VERSION = 5.0;
			};
			name = Debug;
		};
		B1BBDD4D2C26C38000C062D8 /* Release */ = {
			isa = XCBuildConfiguration;
			buildSettings = {
				ASSETCATALOG_COMPILER_APPICON_NAME = AppIcon;
				ASSETCATALOG_COMPILER_GLOBAL_ACCENT_COLOR_NAME = AccentColor;
				CODE_SIGN_ENTITLEMENTS = Pod/Pod.entitlements;
				"CODE_SIGN_IDENTITY[sdk=macosx*]" = "Apple Development";
				CODE_SIGN_STYLE = Automatic;
				COMBINE_HIDPI_IMAGES = YES;
				CURRENT_PROJECT_VERSION = 1;
				DEVELOPMENT_ASSET_PATHS = "\"Pod/Preview Content\"";
				DEVELOPMENT_TEAM = B7949NL6NG;
				ENABLE_HARDENED_RUNTIME = YES;
				ENABLE_PREVIEWS = YES;
				GENERATE_INFOPLIST_FILE = YES;
				INFOPLIST_FILE = Pod/Info.plist;
				INFOPLIST_KEY_CFBundleDisplayName = Pod;
				INFOPLIST_KEY_LSApplicationCategoryType = "public.app-category.music";
				INFOPLIST_KEY_NSHumanReadableCopyright = "";
				LD_RUNPATH_SEARCH_PATHS = (
					"$(inherited)",
					"@executable_path/../Frameworks",
				);
				MACOSX_DEPLOYMENT_TARGET = 12.4;
				MARKETING_VERSION = 1.7;
				PRODUCT_BUNDLE_IDENTIFIER = "Iskren-Alexandrov.Pod";
				PRODUCT_NAME = "$(TARGET_NAME)";
				SWIFT_EMIT_LOC_STRINGS = YES;
				SWIFT_VERSION = 5.0;
			};
			name = Release;
		};
/* End XCBuildConfiguration section */

/* Begin XCConfigurationList section */
		B1BBDD212C26C37F00C062D8 /* Build configuration list for PBXProject "Pod" */ = {
			isa = XCConfigurationList;
			buildConfigurations = (
				B1BBDD492C26C38000C062D8 /* Debug */,
				B1BBDD4A2C26C38000C062D8 /* Release */,
			);
			defaultConfigurationIsVisible = 0;
			defaultConfigurationName = Release;
		};
		B1BBDD4B2C26C38000C062D8 /* Build configuration list for PBXNativeTarget "Pod" */ = {
			isa = XCConfigurationList;
			buildConfigurations = (
				B1BBDD4C2C26C38000C062D8 /* Debug */,
				B1BBDD4D2C26C38000C062D8 /* Release */,
			);
			defaultConfigurationIsVisible = 0;
			defaultConfigurationName = Release;
		};
/* End XCConfigurationList section */

/* Begin XCRemoteSwiftPackageReference section */
		B150D0412C4ED14D00A03CE3 /* XCRemoteSwiftPackageReference "SwiftSDK" */ = {
			isa = XCRemoteSwiftPackageReference;
			repositoryURL = "https://github.com/TelemetryDeck/SwiftSDK";
			requirement = {
				kind = upToNextMajorVersion;
				minimumVersion = 2.2.4;
			};
		};
		B1SPARKLE32D5100000000001 /* XCRemoteSwiftPackageReference "Sparkle" */ = {
			isa = XCRemoteSwiftPackageReference;
			repositoryURL = "https://github.com/sparkle-project/Sparkle";
			requirement = {
				kind = upToNextMajorVersion;
				minimumVersion = 2.0.0;
			};
		};
/* End XCRemoteSwiftPackageReference section */

/* Begin XCSwiftPackageProductDependency section */
		B150D0422C4ED1E900A03CE3 /* TelemetryDeck */ = {
			isa = XCSwiftPackageProductDependency;
			package = B150D0412C4ED14D00A03CE3 /* XCRemoteSwiftPackageReference "SwiftSDK" */;
			productName = TelemetryDeck;
		};
		B1SPARKLE02D5100000000001 /* Sparkle */ = {
			isa = XCSwiftPackageProductDependency;
			package = B1SPARKLE32D5100000000001 /* XCRemoteSwiftPackageReference "Sparkle" */;
			productName = Sparkle;
		};
/* End XCSwiftPackageProductDependency section */
	};
	rootObject = B1BBDD1E2C26C37F00C062D8 /* Project object */;
}
